{
  "name": "eatfood",
  "lockfileVersion": 2,
  "requires": true,
  "packages": {
    "": {
      "dependencies": {
        "sql": "^0.78.0",
        "vue-browser-geolocation": "^1.8.0"
      }
    },
    "node_modules/lodash": {
      "version": "4.1.0",
      "resolved": "https://registry.npmjs.org/lodash/-/lodash-4.1.0.tgz",
      "integrity": "sha512-B9sgtKUlz0xe7lkYb80BcOpwwJJw5iOiz4HkBDzF0+i5nJLiwfBnL08m7bBkCOPBfi+0aqvrJDMdZDfAvs8vYg=="
    },
    "node_modules/sliced": {
      "version": "0.0.5",
      "resolved": "https://registry.npmjs.org/sliced/-/sliced-0.0.5.tgz",
      "integrity": "sha1-XtwETKTrb3gW1Qui/GPiXY/kcH8="
    },
    "node_modules/sql": {
      "version": "0.78.0",
      "resolved": "https://registry.npmjs.org/sql/-/sql-0.78.0.tgz",
      "integrity": "sha1-iUWF1WER27F2h0Gk2ZNcgshZWUk=",
      "dependencies": {
        "lodash": "4.1.x",
        "sliced": "0.0.x"
      },
      "engines": {
        "node": "*"
      }
    },
    "node_modules/vue": {
      "version": "2.6.14",
      "resolved": "https://registry.npmjs.org/vue/-/vue-2.6.14.tgz",
      "integrity": "sha512-x2284lgYvjOMj3Za7kqzRcUSxBboHqtgRE2zlos1qWaOye5yUmHn42LB1250NJBLRwEcdrB0JRwyPTEPhfQjiQ=="
    },
    "node_modules/vue-browser-geolocation": {
      "version": "1.8.0",
      "resolved": "https://registry.npmjs.org/vue-browser-geolocation/-/vue-browser-geolocation-1.8.0.tgz",
      "integrity": "sha512-fI9fqQg1v5HP5LUR3juWIvWRIlyrqYrGDmXB8aux+mLnOV4V9c423InmTFK3UyRS0yHoBUGNIWO0GVufeczfNw==",
      "dependencies": {
        "vue": "^2.0.1"
      }
    }
  },
  "dependencies": {
    "lodash": {
      "version": "4.1.0",
      "resolved": "https://registry.npmjs.org/lodash/-/lodash-4.1.0.tgz",
      "integrity": "sha512-B9sgtKUlz0xe7lkYb80BcOpwwJJw5iOiz4HkBDzF0+i5nJLiwfBnL08m7bBkCOPBfi+0aqvrJDMdZDfAvs8vYg=="
    },
    "sliced": {
      "version": "0.0.5",
      "resolved": "https://registry.npmjs.org/sliced/-/sliced-0.0.5.tgz",
      "integrity": "sha1-XtwETKTrb3gW1Qui/GPiXY/kcH8="
    },
    "sql": {
      "version": "0.78.0",
      "resolved": "https://registry.npmjs.org/sql/-/sql-0.78.0.tgz",
      "integrity": "sha1-iUWF1WER27F2h0Gk2ZNcgshZWUk=",
      "requires": {
        "lodash": "4.1.x",
        "sliced": "0.0.x"
      }
    },
    "vue": {
      "version": "2.6.14",
      "resolved": "https://registry.npmjs.org/vue/-/vue-2.6.14.tgz",
      "integrity": "sha512-x2284lgYvjOMj3Za7kqzRcUSxBboHqtgRE2zlos1qWaOye5yUmHn42LB1250NJBLRwEcdrB0JRwyPTEPhfQjiQ=="
    },
    "vue-browser-geolocation": {
      "version": "1.8.0",
      "resolved": "https://registry.npmjs.org/vue-browser-geolocation/-/vue-browser-geolocation-1.8.0.tgz",
      "integrity": "sha512-fI9fqQg1v5HP5LUR3juWIvWRIlyrqYrGDmXB8aux+mLnOV4V9c423InmTFK3UyRS0yHoBUGNIWO0GVufeczfNw==",
      "requires": {
        "vue": "^2.0.1"
      }
    }
  }
}
